{
  "name": "react-native-spotify",
  "version": "1.0.8",
  "lockfileVersion": 1,
  "requires": true,
  "dependencies": {
    "events": {
      "version": "1.1.1",
      "resolved": "https://registry.npmjs.org/events/-/events-1.1.1.tgz",
      "integrity": "sha1-nr23Y1rQmccNzEwqH1AEKI6L2SQ="
    },
    "react-native-events": {
      "version": "git+https://github.com/lufinkey/react-native-events.git#97bdbd92fea7b8e698b1af483844f4868e13a1e2",
      "requires": {
        "events": "1.1.1"
      }
    }
  }
}
