// !$*UTF8*$!
{
	archiveVersion = 1;
	classes = {
	};
	objectVersion = 46;
	objects = {

/* Begin PBXBuildFile section */
		A00A83BE1FB5188A00394AF0 /* RNSpotifyConvert.m in Sources */ = {isa = PBXBuildFile; fileRef = A00A83BC1FB5188A00394AF0 /* RNSpotifyConvert.m */; };
		A01F099F1FAED1DB002AA48C /* RNSpotifyAuthController.m in Sources */ = {isa = PBXBuildFile; fileRef = A01F099E1FAED1DB002AA48C /* RNSpotifyAuthController.m */; };
		A0A4341D1FAE256D0073DAB9 /* SpotifyAudioPlayback.framework in Frameworks */ = {isa = PBXBuildFile; fileRef = A0A4341B1FAE25690073DAB9 /* SpotifyAudioPlayback.framework */; };
		A0A4341F1FAE25720073DAB9 /* SpotifyMetadata.framework in Frameworks */ = {isa = PBXBuildFile; fileRef = A0A4341A1FAE25690073DAB9 /* SpotifyMetadata.framework */; };
		A0AD6943200E5B00003EC7D8 /* RNSpotifyProgressView.m in Sources */ = {isa = PBXBuildFile; fileRef = A0AD6942200E5B00003EC7D8 /* RNSpotifyProgressView.m */; };
		A0AD6946200E7277003EC7D8 /* RNSpotifyWebViewController.m in Sources */ = {isa = PBXBuildFile; fileRef = A0AD6945200E7277003EC7D8 /* RNSpotifyWebViewController.m */; };
		A0C233722036800A0063A745 /* RNSpotifyCompletion.m in Sources */ = {isa = PBXBuildFile; fileRef = A0C233712036800A0063A745 /* RNSpotifyCompletion.m */; };
		A0C233752036800A0063A745 /* RNSpotifyError.m in Sources */ = {isa = PBXBuildFile; fileRef = A0C233742036800A0063A745 /* RNSpotifyError.m */; };
		A58F1016222C8D1800B04887 /* RNSpotifyAuth.m in Sources */ = {isa = PBXBuildFile; fileRef = A58F1015222C8D1800B04887 /* RNSpotifyAuth.m */; };
		A58F1019222CA04D00B04887 /* RNSpotifyUtils.m in Sources */ = {isa = PBXBuildFile; fileRef = A58F1018222CA04D00B04887 /* RNSpotifyUtils.m */; };
		A58F101C222D82FB00B04887 /* RNSpotifySessionData.m in Sources */ = {isa = PBXBuildFile; fileRef = A58F101B222D82FB00B04887 /* RNSpotifySessionData.m */; };
		A58F101F222DAE2D00B04887 /* RNSpotifyLoginOptions.m in Sources */ = {isa = PBXBuildFile; fileRef = A58F101E222DAE2D00B04887 /* RNSpotifyLoginOptions.m */; };
		B3E7B58A1CC2AC0600A0062D /* RNSpotify.m in Sources */ = {isa = PBXBuildFile; fileRef = B3E7B5891CC2AC0600A0062D /* RNSpotify.m */; };
/* End PBXBuildFile section */

/* Begin PBXCopyFilesBuildPhase section */
		58B511D91A9E6C8500147676 /* CopyFiles */ = {
			isa = PBXCopyFilesBuildPhase;
			buildActionMask = 2147483647;
			dstPath = "include/$(PRODUCT_NAME)";
			dstSubfolderSpec = 16;
			files = (
			);
			runOnlyForDeploymentPostprocessing = 0;
		};
/* End PBXCopyFilesBuildPhase section */

/* Begin PBXFileReference section */
		134814201AA4EA6300B7C361 /* libRNSpotify.a */ = {isa = PBXFileReference; explicitFileType = archive.ar; includeInIndex = 0; path = libRNSpotify.a; sourceTree = BUILT_PRODUCTS_DIR; };
		A00A83BC1FB5188A00394AF0 /* RNSpotifyConvert.m */ = {isa = PBXFileReference; fileEncoding = 4; lastKnownFileType = sourcecode.c.objc; path = RNSpotifyConvert.m; sourceTree = "<group>"; };
		A00A83BD1FB5188A00394AF0 /* RNSpotifyConvert.h */ = {isa = PBXFileReference; fileEncoding = 4; lastKnownFileType = sourcecode.c.h; path = RNSpotifyConvert.h; sourceTree = "<group>"; };
		A01F099D1FAED1DB002AA48C /* RNSpotifyAuthController.h */ = {isa = PBXFileReference; lastKnownFileType = sourcecode.c.h; path = RNSpotifyAuthController.h; sourceTree = "<group>"; };
		A01F099E1FAED1DB002AA48C /* RNSpotifyAuthController.m */ = {isa = PBXFileReference; lastKnownFileType = sourcecode.c.objc; path = RNSpotifyAuthController.m; sourceTree = "<group>"; };
		A0A4341A1FAE25690073DAB9 /* SpotifyMetadata.framework */ = {isa = PBXFileReference; lastKnownFileType = wrapper.framework; name = SpotifyMetadata.framework; path = external/SpotifySDK/SpotifyMetadata.framework; sourceTree = "<group>"; };
		A0A4341B1FAE25690073DAB9 /* SpotifyAudioPlayback.framework */ = {isa = PBXFileReference; lastKnownFileType = wrapper.framework; name = SpotifyAudioPlayback.framework; path = external/SpotifySDK/SpotifyAudioPlayback.framework; sourceTree = "<group>"; };
		A0A4341C1FAE25690073DAB9 /* SpotifyAuthentication.framework */ = {isa = PBXFileReference; lastKnownFileType = wrapper.framework; name = SpotifyAuthentication.framework; path = external/SpotifySDK/SpotifyAuthentication.framework; sourceTree = "<group>"; };
		A0AD6941200E5B00003EC7D8 /* RNSpotifyProgressView.h */ = {isa = PBXFileReference; lastKnownFileType = sourcecode.c.h; path = RNSpotifyProgressView.h; sourceTree = "<group>"; };
		A0AD6942200E5B00003EC7D8 /* RNSpotifyProgressView.m */ = {isa = PBXFileReference; lastKnownFileType = sourcecode.c.objc; path = RNSpotifyProgressView.m; sourceTree = "<group>"; };
		A0AD6944200E7277003EC7D8 /* RNSpotifyWebViewController.h */ = {isa = PBXFileReference; lastKnownFileType = sourcecode.c.h; path = RNSpotifyWebViewController.h; sourceTree = "<group>"; };
		A0AD6945200E7277003EC7D8 /* RNSpotifyWebViewController.m */ = {isa = PBXFileReference; lastKnownFileType = sourcecode.c.objc; path = RNSpotifyWebViewController.m; sourceTree = "<group>"; };
		A0C233702036800A0063A745 /* RNSpotifyCompletion.h */ = {isa = PBXFileReference; lastKnownFileType = sourcecode.c.h; path = RNSpotifyCompletion.h; sourceTree = "<group>"; };
		A0C233712036800A0063A745 /* RNSpotifyCompletion.m */ = {isa = PBXFileReference; lastKnownFileType = sourcecode.c.objc; path = RNSpotifyCompletion.m; sourceTree = "<group>"; };
		A0C233732036800A0063A745 /* RNSpotifyError.h */ = {isa = PBXFileReference; lastKnownFileType = sourcecode.c.h; path = RNSpotifyError.h; sourceTree = "<group>"; };
		A0C233742036800A0063A745 /* RNSpotifyError.m */ = {isa = PBXFileReference; lastKnownFileType = sourcecode.c.objc; path = RNSpotifyError.m; sourceTree = "<group>"; };
		A0CB1CFF1FB4D718009989EA /* HelperMacros.h */ = {isa = PBXFileReference; lastKnownFileType = sourcecode.c.h; path = HelperMacros.h; sourceTree = "<group>"; };
		A58F1014222C8D1800B04887 /* RNSpotifyAuth.h */ = {isa = PBXFileReference; lastKnownFileType = sourcecode.c.h; path = RNSpotifyAuth.h; sourceTree = "<group>"; };
		A58F1015222C8D1800B04887 /* RNSpotifyAuth.m */ = {isa = PBXFileReference; lastKnownFileType = sourcecode.c.objc; path = RNSpotifyAuth.m; sourceTree = "<group>"; };
		A58F1017222CA04D00B04887 /* RNSpotifyUtils.h */ = {isa = PBXFileReference; lastKnownFileType = sourcecode.c.h; path = RNSpotifyUtils.h; sourceTree = "<group>"; };
		A58F1018222CA04D00B04887 /* RNSpotifyUtils.m */ = {isa = PBXFileReference; lastKnownFileType = sourcecode.c.objc; path = RNSpotifyUtils.m; sourceTree = "<group>"; };
		A58F101A222D82FB00B04887 /* RNSpotifySessionData.h */ = {isa = PBXFileReference; lastKnownFileType = sourcecode.c.h; path = RNSpotifySessionData.h; sourceTree = "<group>"; };
		A58F101B222D82FB00B04887 /* RNSpotifySessionData.m */ = {isa = PBXFileReference; lastKnownFileType = sourcecode.c.objc; path = RNSpotifySessionData.m; sourceTree = "<group>"; };
		A58F101D222DAE2D00B04887 /* RNSpotifyLoginOptions.h */ = {isa = PBXFileReference; lastKnownFileType = sourcecode.c.h; path = RNSpotifyLoginOptions.h; sourceTree = "<group>"; };
		A58F101E222DAE2D00B04887 /* RNSpotifyLoginOptions.m */ = {isa = PBXFileReference; lastKnownFileType = sourcecode.c.objc; path = RNSpotifyLoginOptions.m; sourceTree = "<group>"; };
		B3E7B5881CC2AC0600A0062D /* RNSpotify.h */ = {isa = PBXFileReference; fileEncoding = 4; lastKnownFileType = sourcecode.c.h; path = RNSpotify.h; sourceTree = "<group>"; };
		B3E7B5891CC2AC0600A0062D /* RNSpotify.m */ = {isa = PBXFileReference; fileEncoding = 4; lastKnownFileType = sourcecode.c.objc; path = RNSpotify.m; sourceTree = "<group>"; };
/* End PBXFileReference section */

/* Begin PBXFrameworksBuildPhase section */
		58B511D81A9E6C8500147676 /* Frameworks */ = {
			isa = PBXFrameworksBuildPhase;
			buildActionMask = 2147483647;
			files = (
				A0A4341D1FAE256D0073DAB9 /* SpotifyAudioPlayback.framework in Frameworks */,
				A0A4341F1FAE25720073DAB9 /* SpotifyMetadata.framework in Frameworks */,
			);
			runOnlyForDeploymentPostprocessing = 0;
		};
/* End PBXFrameworksBuildPhase section */

/* Begin PBXGroup section */
		134814211AA4EA7D00B7C361 /* Products */ = {
			isa = PBXGroup;
			children = (
				134814201AA4EA6300B7C361 /* libRNSpotify.a */,
			);
			name = Products;
			sourceTree = "<group>";
		};
		58B511D21A9E6C8500147676 = {
			isa = PBXGroup;
			children = (
				A0CB1CFF1FB4D718009989EA /* HelperMacros.h */,
				B3E7B5881CC2AC0600A0062D /* RNSpotify.h */,
				B3E7B5891CC2AC0600A0062D /* RNSpotify.m */,
				A58F1014222C8D1800B04887 /* RNSpotifyAuth.h */,
				A58F1015222C8D1800B04887 /* RNSpotifyAuth.m */,
				A00A83BD1FB5188A00394AF0 /* RNSpotifyConvert.h */,
				A00A83BC1FB5188A00394AF0 /* RNSpotifyConvert.m */,
				A0C233702036800A0063A745 /* RNSpotifyCompletion.h */,
				A0C233712036800A0063A745 /* RNSpotifyCompletion.m */,
				A0C233732036800A0063A745 /* RNSpotifyError.h */,
				A0C233742036800A0063A745 /* RNSpotifyError.m */,
				A58F101D222DAE2D00B04887 /* RNSpotifyLoginOptions.h */,
				A58F101E222DAE2D00B04887 /* RNSpotifyLoginOptions.m */,
				A0AD6941200E5B00003EC7D8 /* RNSpotifyProgressView.h */,
				A0AD6942200E5B00003EC7D8 /* RNSpotifyProgressView.m */,
				A58F101A222D82FB00B04887 /* RNSpotifySessionData.h */,
				A58F101B222D82FB00B04887 /* RNSpotifySessionData.m */,
				A58F1017222CA04D00B04887 /* RNSpotifyUtils.h */,
				A58F1018222CA04D00B04887 /* RNSpotifyUtils.m */,
				A0AD6944200E7277003EC7D8 /* RNSpotifyWebViewController.h */,
				A0AD6945200E7277003EC7D8 /* RNSpotifyWebViewController.m */,
				A01F099D1FAED1DB002AA48C /* RNSpotifyAuthController.h */,
				A01F099E1FAED1DB002AA48C /* RNSpotifyAuthController.m */,
				A0A434191FAE254F0073DAB9 /* Frameworks */,
				134814211AA4EA7D00B7C361 /* Products */,
			);
			sourceTree = "<group>";
			usesTabs = 1;
		};
		A0A434191FAE254F0073DAB9 /* Frameworks */ = {
			isa = PBXGroup;
			children = (
				A0A4341B1FAE25690073DAB9 /* SpotifyAudioPlayback.framework */,
				A0A4341C1FAE25690073DAB9 /* SpotifyAuthentication.framework */,
				A0A4341A1FAE25690073DAB9 /* SpotifyMetadata.framework */,
			);
			name = Frameworks;
			sourceTree = "<group>";
		};
/* End PBXGroup section */

/* Begin PBXNativeTarget section */
		58B511DA1A9E6C8500147676 /* RNSpotify */ = {
			isa = PBXNativeTarget;
			buildConfigurationList = 58B511EF1A9E6C8500147676 /* Build configuration list for PBXNativeTarget "RNSpotify" */;
			buildPhases = (
				58B511D71A9E6C8500147676 /* Sources */,
				58B511D81A9E6C8500147676 /* Frameworks */,
				58B511D91A9E6C8500147676 /* CopyFiles */,
			);
			buildRules = (
			);
			dependencies = (
			);
			name = RNSpotify;
			productName = RCTDataManager;
			productReference = 134814201AA4EA6300B7C361 /* libRNSpotify.a */;
			productType = "com.apple.product-type.library.static";
		};
/* End PBXNativeTarget section */

/* Begin PBXProject section */
		58B511D31A9E6C8500147676 /* Project object */ = {
			isa = PBXProject;
			attributes = {
				LastUpgradeCheck = 0830;
				ORGANIZATIONNAME = Facebook;
				TargetAttributes = {
					58B511DA1A9E6C8500147676 = {
						CreatedOnToolsVersion = 6.1.1;
					};
				};
			};
			buildConfigurationList = 58B511D61A9E6C8500147676 /* Build configuration list for PBXProject "RNSpotify" */;
			compatibilityVersion = "Xcode 3.2";
			developmentRegion = English;
			hasScannedForEncodings = 0;
			knownRegions = (
				English,
				en,
			);
			mainGroup = 58B511D21A9E6C8500147676;
			productRefGroup = 58B511D21A9E6C8500147676;
			projectDirPath = "";
			projectRoot = "";
			targets = (
				58B511DA1A9E6C8500147676 /* RNSpotify */,
			);
		};
/* End PBXProject section */

/* Begin PBXSourcesBuildPhase section */
		58B511D71A9E6C8500147676 /* Sources */ = {
			isa = PBXSourcesBuildPhase;
			buildActionMask = 2147483647;
			files = (
				A01F099F1FAED1DB002AA48C /* RNSpotifyAuthController.m in Sources */,
				A58F101F222DAE2D00B04887 /* RNSpotifyLoginOptions.m in Sources */,
				A58F101C222D82FB00B04887 /* RNSpotifySessionData.m in Sources */,
				A00A83BE1FB5188A00394AF0 /* RNSpotifyConvert.m in Sources */,
				A58F1016222C8D1800B04887 /* RNSpotifyAuth.m in Sources */,
				A0AD6943200E5B00003EC7D8 /* RNSpotifyProgressView.m in Sources */,
				B3E7B58A1CC2AC0600A0062D /* RNSpotify.m in Sources */,
				A0C233722036800A0063A745 /* RNSpotifyCompletion.m in Sources */,
				A0C233752036800A0063A745 /* RNSpotifyError.m in Sources */,
				A0AD6946200E7277003EC7D8 /* RNSpotifyWebViewController.m in Sources */,
				A58F1019222CA04D00B04887 /* RNSpotifyUtils.m in Sources */,
			);
			runOnlyForDeploymentPostprocessing = 0;
		};
/* End PBXSourcesBuildPhase section */

/* Begin XCBuildConfiguration section */
		58B511ED1A9E6C8500147676 /* Debug */ = {
			isa = XCBuildConfiguration;
			buildSettings = {
				ALWAYS_SEARCH_USER_PATHS = NO;
				CLANG_CXX_LANGUAGE_STANDARD = "gnu++0x";
				CLANG_CXX_LIBRARY = "libc++";
				CLANG_ENABLE_MODULES = YES;
				CLANG_ENABLE_OBJC_ARC = YES;
				CLANG_WARN_BOOL_CONVERSION = YES;
				CLANG_WARN_CONSTANT_CONVERSION = YES;
				CLANG_WARN_DIRECT_OBJC_ISA_USAGE = YES_ERROR;
				CLANG_WARN_EMPTY_BODY = YES;
				CLANG_WARN_ENUM_CONVERSION = YES;
				CLANG_WARN_INFINITE_RECURSION = YES;
				CLANG_WARN_INT_CONVERSION = YES;
				CLANG_WARN_OBJC_ROOT_CLASS = YES_ERROR;
				CLANG_WARN_SUSPICIOUS_MOVE = YES;
				CLANG_WARN_UNREACHABLE_CODE = YES;
				CLANG_WARN__DUPLICATE_METHOD_MATCH = YES;
				COPY_PHASE_STRIP = NO;
				ENABLE_STRICT_OBJC_MSGSEND = YES;
				ENABLE_TESTABILITY = YES;
				GCC_C_LANGUAGE_STANDARD = gnu99;
				GCC_DYNAMIC_NO_PIC = NO;
				GCC_NO_COMMON_BLOCKS = YES;
				GCC_OPTIMIZATION_LEVEL = 0;
				GCC_PREPROCESSOR_DEFINITIONS = (
					"DEBUG=1",
					"$(inherited)",
				);
				GCC_SYMBOLS_PRIVATE_EXTERN = NO;
				GCC_WARN_64_TO_32_BIT_CONVERSION = YES;
				GCC_WARN_ABOUT_RETURN_TYPE = YES_ERROR;
				GCC_WARN_UNDECLARED_SELECTOR = YES;
				GCC_WARN_UNINITIALIZED_AUTOS = YES_AGGRESSIVE;
				GCC_WARN_UNUSED_FUNCTION = YES;
				GCC_WARN_UNUSED_VARIABLE = YES;
				IPHONEOS_DEPLOYMENT_TARGET = 8.0;
				MTL_ENABLE_DEBUG_INFO = YES;
				ONLY_ACTIVE_ARCH = YES;
				SDKROOT = iphoneos;
			};
			name = Debug;
		};
		58B511EE1A9E6C8500147676 /* Release */ = {
			isa = XCBuildConfiguration;
			buildSettings = {
				ALWAYS_SEARCH_USER_PATHS = NO;
				CLANG_CXX_LANGUAGE_STANDARD = "gnu++0x";
				CLANG_CXX_LIBRARY = "libc++";
				CLANG_ENABLE_MODULES = YES;
				CLANG_ENABLE_OBJC_ARC = YES;
				CLANG_WARN_BOOL_CONVERSION = YES;
				CLANG_WARN_CONSTANT_CONVERSION = YES;
				CLANG_WARN_DIRECT_OBJC_ISA_USAGE = YES_ERROR;
				CLANG_WARN_EMPTY_BODY = YES;
				CLANG_WARN_ENUM_CONVERSION = YES;
				CLANG_WARN_INFINITE_RECURSION = YES;
				CLANG_WARN_INT_CONVERSION = YES;
				CLANG_WARN_OBJC_ROOT_CLASS = YES_ERROR;
				CLANG_WARN_SUSPICIOUS_MOVE = YES;
				CLANG_WARN_UNREACHABLE_CODE = YES;
				CLANG_WARN__DUPLICATE_METHOD_MATCH = YES;
				COPY_PHASE_STRIP = YES;
				ENABLE_NS_ASSERTIONS = NO;
				ENABLE_STRICT_OBJC_MSGSEND = YES;
				GCC_C_LANGUAGE_STANDARD = gnu99;
				GCC_NO_COMMON_BLOCKS = YES;
				GCC_WARN_64_TO_32_BIT_CONVERSION = YES;
				GCC_WARN_ABOUT_RETURN_TYPE = YES_ERROR;
				GCC_WARN_UNDECLARED_SELECTOR = YES;
				GCC_WARN_UNINITIALIZED_AUTOS = YES_AGGRESSIVE;
				GCC_WARN_UNUSED_FUNCTION = YES;
				GCC_WARN_UNUSED_VARIABLE = YES;
				IPHONEOS_DEPLOYMENT_TARGET = 8.0;
				MTL_ENABLE_DEBUG_INFO = NO;
				SDKROOT = iphoneos;
				VALIDATE_PRODUCT = YES;
			};
			name = Release;
		};
		58B511F01A9E6C8500147676 /* Debug */ = {
			isa = XCBuildConfiguration;
			buildSettings = {
				FRAMEWORK_SEARCH_PATHS = (
					"$(inherited)",
					"$(PROJECT_DIR)/external/SpotifySDK",
				);
				HEADER_SEARCH_PATHS = (
					"$(inherited)",
					/Applications/Xcode.app/Contents/Developer/Toolchains/XcodeDefault.xctoolchain/usr/include,
					"$(SRCROOT)/../../../React/**",
					"$(SRCROOT)/../../react-native/React/**",
					"$(SRCROOT)/../../react-native-events/ios",
					"$(SRCROOT)/../../../react-native-events/ios",
				);
				LIBRARY_SEARCH_PATHS = "$(inherited)";
				OTHER_LDFLAGS = "-ObjC";
				PRODUCT_NAME = RNSpotify;
				SKIP_INSTALL = YES;
			};
			name = Debug;
		};
		58B511F11A9E6C8500147676 /* Release */ = {
			isa = XCBuildConfiguration;
			buildSettings = {
				FRAMEWORK_SEARCH_PATHS = (
					"$(inherited)",
					"$(PROJECT_DIR)/external/SpotifySDK",
				);
				HEADER_SEARCH_PATHS = (
					"$(inherited)",
					/Applications/Xcode.app/Contents/Developer/Toolchains/XcodeDefault.xctoolchain/usr/include,
					"$(SRCROOT)/../../../React/**",
					"$(SRCROOT)/../../react-native/React/**",
					"$(SRCROOT)/../../react-native-events/ios",
					"$(SRCROOT)/../../../react-native-events/ios",
				);
				LIBRARY_SEARCH_PATHS = "$(inherited)";
				OTHER_LDFLAGS = "-ObjC";
				PRODUCT_NAME = RNSpotify;
				SKIP_INSTALL = YES;
			};
			name = Release;
		};
/* End XCBuildConfiguration section */

/* Begin XCConfigurationList section */
		58B511D61A9E6C8500147676 /* Build configuration list for PBXProject "RNSpotify" */ = {
			isa = XCConfigurationList;
			buildConfigurations = (
				58B511ED1A9E6C8500147676 /* Debug */,
				58B511EE1A9E6C8500147676 /* Release */,
			);
			defaultConfigurationIsVisible = 0;
			defaultConfigurationName = Release;
		};
		58B511EF1A9E6C8500147676 /* Build configuration list for PBXNativeTarget "RNSpotify" */ = {
			isa = XCConfigurationList;
			buildConfigurations = (
				58B511F01A9E6C8500147676 /* Debug */,
				58B511F11A9E6C8500147676 /* Release */,
			);
			defaultConfigurationIsVisible = 0;
			defaultConfigurationName = Release;
		};
/* End XCConfigurationList section */
	};
	rootObject = 58B511D31A9E6C8500147676 /* Project object */;
}
